// !$*UTF8*$!
{
	archiveVersion = 1;
	classes = {
	};
	objectVersion = 77;
	objects = {

/* Begin PBXContainerItemProxy section */
		1FDA19FE2F45DE2C009A14AD /* PBXContainerItemProxy */ = {
			isa = PBXContainerItemProxy;
			containerPortal = 1FDA19E82F45DE2A009A14AD /* Project object */;
			proxyType = 1;
			remoteGlobalIDString = 1FDA19EF2F45DE2A009A14AD;
			remoteInfo = SerVision;
		};
		1FDA1A082F45DE2C009A14AD /* PBXContainerItemProxy */ = {
			isa = PBXContainerItemProxy;
			containerPortal = 1FDA19E82F45DE2A009A14AD /* Project object */;
			proxyType = 1;
			remoteGlobalIDString = 1FDA19EF2F45DE2A009A14AD;
			remoteInfo = SerVision;
		};
/* End PBXContainerItemProxy section */

/* Begin PBXFileReference section */
		1FDA19F02F45DE2A009A14AD /* SerVision.app */ = {isa = PBXFileReference; explicitFileType = wrapper.application; includeInIndex = 0; path = SerVision.app; sourceTree = BUILT_PRODUCTS_DIR; };
		1FDA19FD2F45DE2C009A14AD /* SerVisionTests.xctest */ = {isa = PBXFileReference; explicitFileType = wrapper.cfbundle; includeInIndex = 0; path = SerVisionTests.xctest; sourceTree = BUILT_PRODUCTS_DIR; };
		1FDA1A072F45DE2C009A14AD /* SerVisionUITests.xctest */ = {isa = PBXFileReference; explicitFileType = wrapper.cfbundle; includeInIndex = 0; path = SerVisionUITests.xctest; sourceTree = BUILT_PRODUCTS_DIR; };
/* End PBXFileReference section */

/* Begin PBXFileSystemSynchronizedRootGroup section */
		1FDA19F22F45DE2A009A14AD /* SerVision */ = {
			isa = PBXFileSystemSynchronizedRootGroup;
			path = SerVision;
			sourceTree = "<group>";
		};
		1FDA1A002F45DE2C009A14AD /* SerVisionTests */ = {
			isa = PBXFileSystemSynchronizedRootGroup;
			path = SerVisionTests;
			sourceTree = "<group>";
		};
		1FDA1A0A2F45DE2C009A14AD /* SerVisionUITests */ = {
			isa = PBXFileSystemSynchronizedRootGroup;
			path = SerVisionUITests;
			sourceTree = "<group>";
		};
/* End PBXFileSystemSynchronizedRootGroup section */

/* Begin PBXFrameworksBuildPhase section */
		1FDA19ED2F45DE2A009A14AD /* Frameworks */ = {
			isa = PBXFrameworksBuildPhase;
			buildActionMask = 2147483647;
			files = (
			);
			runOnlyForDeploymentPostprocessing = 0;
		};
		1FDA19FA2F45DE2C009A14AD /* Frameworks */ = {
			isa = PBXFrameworksBuildPhase;
			buildActionMask = 2147483647;
			files = (
			);
			runOnlyForDeploymentPostprocessing = 0;
		};
		1FDA1A042F45DE2C009A14AD /* Frameworks */ = {
			isa = PBXFrameworksBuildPhase;
			buildActionMask = 2147483647;
			files = (
			);
			runOnlyForDeploymentPostprocessing = 0;
		};
/* End PBXFrameworksBuildPhase section */

/* Begin PBXGroup section */
		1FDA19E72F45DE2A009A14AD = {
			isa = PBXGroup;
			children = (
				1FDA19F22F45DE2A009A14AD /* SerVision */,
				1FDA1A002F45DE2C009A14AD /* SerVisionTests */,
				1FDA1A0A2F45DE2C009A14AD /* SerVisionUITests */,
				1FDA19F12F45DE2A009A14AD /* Products */,
			);
			sourceTree = "<group>";
		};
		1FDA19F12F45DE2A009A14AD /* Products */ = {
			isa = PBXGroup;
			children = (
				1FDA19F02F45DE2A009A14AD /* SerVision.app */,
				1FDA19FD2F45DE2C009A14AD /* SerVisionTests.xctest */,
				1FDA1A072F45DE2C009A14AD /* SerVisionUITests.xctest */,
			);
			name = Products;
			sourceTree = "<group>";
		};
/* End PBXGroup section */

/* Begin PBXNativeTarget section */
		1FDA19EF2F45DE2A009A14AD /* SerVision */ = {
			isa = PBXNativeTarget;
			buildConfigurationList = 1FDA1A112F45DE2C009A14AD /* Build configuration list for PBXNativeTarget "SerVision" */;
			buildPhases = (
				1FDA19EC2F45DE2A009A14AD /* Sources */,
				1FDA19ED2F45DE2A009A14AD /* Frameworks */,
				1FDA19EE2F45DE2A009A14AD /* Resources */,
			);
			buildRules = (
			);
			dependencies = (
			);
			fileSystemSynchronizedGroups = (
				1FDA19F22F45DE2A009A14AD /* SerVision */,
			);
			name = SerVision;
			packageProductDependencies = (
			);
			productName = SerVision;
			productReference = 1FDA19F02F45DE2A009A14AD /* SerVision.app */;
			productType = "com.apple.product-type.application";
		};
		1FDA19FC2F45DE2C009A14AD /* SerVisionTests */ = {
			isa = PBXNativeTarget;
			buildConfigurationList = 1FDA1A142F45DE2C009A14AD /* Build configuration list for PBXNativeTarget "SerVisionTests" */;
			buildPhases = (
				1FDA19F92F45DE2C009A14AD /* Sources */,
				1FDA19FA2F45DE2C009A14AD /* Frameworks */,
				1FDA19FB2F45DE2C009A14AD /* Resources */,
			);
			buildRules = (
			);
			dependencies = (
				1FDA19FF2F45DE2C009A14AD /* PBXTargetDependency */,
			);
			fileSystemSynchronizedGroups = (
				1FDA1A002F45DE2C009A14AD /* SerVisionTests */,
			);
			name = SerVisionTests;
			packageProductDependencies = (
			);
			productName = SerVisionTests;
			productReference = 1FDA19FD2F45DE2C009A14AD /* SerVisionTests.xctest */;
			productType = "com.apple.product-type.bundle.unit-test";
		};
		1FDA1A062F45DE2C009A14AD /* SerVisionUITests */ = {
			isa = PBXNativeTarget;
			buildConfigurationList = 1FDA1A172F45DE2C009A14AD /* Build configuration list for PBXNativeTarget "SerVisionUITests" */;
			buildPhases = (
				1FDA1A032F45DE2C009A14AD /* Sources */,
				1FDA1A042F45DE2C009A14AD /* Frameworks */,
				1FDA1A052F45DE2C009A14AD /* Resources */,
			);
			buildRules = (
			);
			dependencies = (
				1FDA1A092F45DE2C009A14AD /* PBXTargetDependency */,
			);
			fileSystemSynchronizedGroups = (
				1FDA1A0A2F45DE2C009A14AD /* SerVisionUITests */,
			);
			name = SerVisionUITests;
			packageProductDependencies = (
			);
			productName = SerVisionUITests;
			productReference = 1FDA1A072F45DE2C009A14AD /* SerVisionUITests.xctest */;
			productType = "com.apple.product-type.bundle.ui-testing";
		};
/* End PBXNativeTarget section */

/* Begin PBXProject section */
		1FDA19E82F45DE2A009A14AD /* Project object */ = {
			isa = PBXProject;
			attributes = {
				BuildIndependentTargetsInParallel = 1;
				LastSwiftUpdateCheck = 1640;
				LastUpgradeCheck = 1640;
				TargetAttributes = {
					1FDA19EF2F45DE2A009A14AD = {
						CreatedOnToolsVersion = 16.4;
					};
					1FDA19FC2F45DE2C009A14AD = {
						CreatedOnToolsVersion = 16.4;
						TestTargetID = 1FDA19EF2F45DE2A009A14AD;
					};
					1FDA1A062F45DE2C009A14AD = {
						CreatedOnToolsVersion = 16.4;
						TestTargetID = 1FDA19EF2F45DE2A009A14AD;
					};
				};
			};
			buildConfigurationList = 1FDA19EB2F45DE2A009A14AD /* Build configuration list for PBXProject "SerVision" */;
			developmentRegion = en;
			hasScannedForEncodings = 0;
			knownRegions = (
				en,
				Base,
			);
			mainGroup = 1FDA19E72F45DE2A009A14AD;
			minimizedProjectReferenceProxies = 1;
			preferredProjectObjectVersion = 77;
			productRefGroup = 1FDA19F12F45DE2A009A14AD /* Products */;
			projectDirPath = "";
			projectRoot = "";
			targets = (
				1FDA19EF2F45DE2A009A14AD /* SerVision */,
				1FDA19FC2F45DE2C009A14AD /* SerVisionTests */,
				1FDA1A062F45DE2C009A14AD /* SerVisionUITests */,
			);
		};
/* End PBXProject section */

/* Begin PBXResourcesBuildPhase section */
		1FDA19EE2F45DE2A009A14AD /* Resources */ = {
			isa = PBXResourcesBuildPhase;
			buildActionMask = 2147483647;
			files = (
			);
			runOnlyForDeploymentPostprocessing = 0;
		};
		1FDA19FB2F45DE2C009A14AD /* Resources */ = {
			isa = PBXResourcesBuildPhase;
			buildActionMask = 2147483647;
			files = (
			);
			runOnlyForDeploymentPostprocessing = 0;
		};
		1FDA1A052F45DE2C009A14AD /* Resources */ = {
			isa = PBXResourcesBuildPhase;
			buildActionMask = 2147483647;
			files = (
			);
			runOnlyForDeploymentPostprocessing = 0;
		};
/* End PBXResourcesBuildPhase section */

/* Begin PBXSourcesBuildPhase section */
		1FDA19EC2F45DE2A009A14AD /* Sources */ = {
			isa = PBXSourcesBuildPhase;
			buildActionMask = 2147483647;
			files = (
			);
			runOnlyForDeploymentPostprocessing = 0;
		};
		1FDA19F92F45DE2C009A14AD /* Sources */ = {
			isa = PBXSourcesBuildPhase;
			buildActionMask = 2147483647;
			files = (
			);
			runOnlyForDeploymentPostprocessing = 0;
		};
		1FDA1A032F45DE2C009A14AD /* Sources */ = {
			isa = PBXSourcesBuildPhase;
			buildActionMask = 2147483647;
			files = (
			);
			runOnlyForDeploymentPostprocessing = 0;
		};
/* End PBXSourcesBuildPhase section */

/* Begin PBXTargetDependency section */
		1FDA19FF2F45DE2C009A14AD /* PBXTargetDependency */ = {
			isa = PBXTargetDependency;
			target = 1FDA19EF2F45DE2A009A14AD /* SerVision */;
			targetProxy = 1FDA19FE2F45DE2C009A14AD /* PBXContainerItemProxy */;
		};
		1FDA1A092F45DE2C009A14AD /* PBXTargetDependency */ = {
			isa = PBXTargetDependency;
			target = 1FDA19EF2F45DE2A009A14AD /* SerVision */;
			targetProxy = 1FDA1A082F45DE2C009A14AD /* PBXContainerItemProxy */;
		};
/* End PBXTargetDependency section */

/* Begin XCBuildConfiguration section */
		1FDA1A0F2F45DE2C009A14AD /* Debug */ = {
			isa = XCBuildConfiguration;
			buildSettings = {
				ALWAYS_SEARCH_USER_PATHS = NO;
				ASSETCATALOG_COMPILER_GENERATE_SWIFT_ASSET_SYMBOL_EXTENSIONS = YES;
				CLANG_ANALYZER_NONNULL = YES;
				CLANG_ANALYZER_NUMBER_OBJECT_CONVERSION = YES_AGGRESSIVE;
				CLANG_CXX_LANGUAGE_STANDARD = "gnu++20";
				CLANG_ENABLE_MODULES = YES;
				CLANG_ENABLE_OBJC_ARC = YES;
				CLANG_ENABLE_OBJC_WEAK = YES;
				CLANG_WARN_BLOCK_CAPTURE_AUTORELEASING = YES;
				CLANG_WARN_BOOL_CONVERSION = YES;
				CLANG_WARN_COMMA = YES;
				CLANG_WARN_CONSTANT_CONVERSION = YES;
				CLANG_WARN_DEPRECATED_OBJC_IMPLEMENTATIONS = YES;
				CLANG_WARN_DIRECT_OBJC_ISA_USAGE = YES_ERROR;
				CLANG_WARN_DOCUMENTATION_COMMENTS = YES;
				CLANG_WARN_EMPTY_BODY = YES;
				CLANG_WARN_ENUM_CONVERSION = YES;
				CLANG_WARN_INFINITE_RECURSION = YES;
				CLANG_WARN_INT_CONVERSION = YES;
				CLANG_WARN_NON_LITERAL_NULL_CONVERSION = YES;
				CLANG_WARN_OBJC_IMPLICIT_RETAIN_SELF = YES;
				CLANG_WARN_OBJC_LITERAL_CONVERSION = YES;
				CLANG_WARN_OBJC_ROOT_CLASS = YES_ERROR;
				CLANG_WARN_QUOTED_INCLUDE_IN_FRAMEWORK_HEADER = YES;
				CLANG_WARN_RANGE_LOOP_ANALYSIS = YES;
				CLANG_WARN_STRICT_PROTOTYPES = YES;
				CLANG_WARN_SUSPICIOUS_MOVE = YES;
				CLANG_WARN_UNGUARDED_AVAILABILITY = YES_AGGRESSIVE;
				CLANG_WARN_UNREACHABLE_CODE = YES;
				CLANG_WARN__DUPLICATE_METHOD_MATCH = YES;
				COPY_PHASE_STRIP = NO;
				DEBUG_INFORMATION_FORMAT = dwarf;
				ENABLE_STRICT_OBJC_MSGSEND = YES;
				ENABLE_TESTABILITY = YES;
				ENABLE_USER_SCRIPT_SANDBOXING = YES;
				GCC_C_LANGUAGE_STANDARD = gnu17;
				GCC_DYNAMIC_NO_PIC = NO;
				GCC_NO_COMMON_BLOCKS = YES;
				GCC_OPTIMIZATION_LEVEL = 0;
				GCC_PREPROCESSOR_DEFINITIONS = (
					"DEBUG=1",
					"$(inherited)",
				);
				GCC_WARN_64_TO_32_BIT_CONVERSION = YES;
				GCC_WARN_ABOUT_RETURN_TYPE = YES_ERROR;
				GCC_WARN_UNDECLARED_SELECTOR = YES;
				GCC_WARN_UNINITIALIZED_AUTOS = YES_AGGRESSIVE;
				GCC_WARN_UNUSED_FUNCTION = YES;
				GCC_WARN_UNUSED_VARIABLE = YES;
				IPHONEOS_DEPLOYMENT_TARGET = 18.5;
				LOCALIZATION_PREFERS_STRING_CATALOGS = YES;
				MTL_ENABLE_DEBUG_INFO = INCLUDE_SOURCE;
				MTL_FAST_MATH = YES;
				ONLY_ACTIVE_ARCH = YES;
				SDKROOT = iphoneos;
				SWIFT_ACTIVE_COMPILATION_CONDITIONS = "DEBUG $(inherited)";
				SWIFT_OPTIMIZATION_LEVEL = "-Onone";
			};
			name = Debug;
		};
		1FDA1A102F45DE2C009A14AD /* Release */ = {
			isa = XCBuildConfiguration;
			buildSettings = {
				ALWAYS_SEARCH_USER_PATHS = NO;
				ASSETCATALOG_COMPILER_GENERATE_SWIFT_ASSET_SYMBOL_EXTENSIONS = YES;
				CLANG_ANALYZER_NONNULL = YES;
				CLANG_ANALYZER_NUMBER_OBJECT_CONVERSION = YES_AGGRESSIVE;
				CLANG_CXX_LANGUAGE_STANDARD = "gnu++20";
				CLANG_ENABLE_MODULES = YES;
				CLANG_ENABLE_OBJC_ARC = YES;
				CLANG_ENABLE_OBJC_WEAK = YES;
				CLANG_WARN_BLOCK_CAPTURE_AUTORELEASING = YES;
				CLANG_WARN_BOOL_CONVERSION = YES;
				CLANG_WARN_COMMA = YES;
				CLANG_WARN_CONSTANT_CONVERSION = YES;
				CLANG_WARN_DEPRECATED_OBJC_IMPLEMENTATIONS = YES;
				CLANG_WARN_DIRECT_OBJC_ISA_USAGE = YES_ERROR;
				CLANG_WARN_DOCUMENTATION_COMMENTS = YES;
				CLANG_WARN_EMPTY_BODY = YES;
				CLANG_WARN_ENUM_CONVERSION = YES;
				CLANG_WARN_INFINITE_RECURSION = YES;
				CLANG_WARN_INT_CONVERSION = YES;
				CLANG_WARN_NON_LITERAL_NULL_CONVERSION = YES;
				CLANG_WARN_OBJC_IMPLICIT_RETAIN_SELF = YES;
				CLANG_WARN_OBJC_LITERAL_CONVERSION = YES;
				CLANG_WARN_OBJC_ROOT_CLASS = YES_ERROR;
				CLANG_WARN_QUOTED_INCLUDE_IN_FRAMEWORK_HEADER = YES;
				CLANG_WARN_RANGE_LOOP_ANALYSIS = YES;
				CLANG_WARN_STRICT_PROTOTYPES = YES;
				CLANG_WARN_SUSPICIOUS_MOVE = YES;
				CLANG_WARN_UNGUARDED_AVAILABILITY = YES_AGGRESSIVE;
				CLANG_WARN_UNREACHABLE_CODE = YES;
				CLANG_WARN__DUPLICATE_METHOD_MATCH = YES;
				COPY_PHASE_STRIP = NO;
				DEBUG_INFORMATION_FORMAT = "dwarf-with-dsym";
				ENABLE_NS_ASSERTIONS = NO;
				ENABLE_STRICT_OBJC_MSGSEND = YES;
				ENABLE_USER_SCRIPT_SANDBOXING = YES;
				GCC_C_LANGUAGE_STANDARD = gnu17;
				GCC_NO_COMMON_BLOCKS = YES;
				GCC_WARN_64_TO_32_BIT_CONVERSION = YES;
				GCC_WARN_ABOUT_RETURN_TYPE = YES_ERROR;
				GCC_WARN_UNDECLARED_SELECTOR = YES;
				GCC_WARN_UNINITIALIZED_AUTOS = YES_AGGRESSIVE;
				GCC_WARN_UNUSED_FUNCTION = YES;
				GCC_WARN_UNUSED_VARIABLE = YES;
				IPHONEOS_DEPLOYMENT_TARGET = 18.5;
				LOCALIZATION_PREFERS_STRING_CATALOGS = YES;
				MTL_ENABLE_DEBUG_INFO = NO;
				MTL_FAST_MATH = YES;
				SDKROOT = iphoneos;
				SWIFT_COMPILATION_MODE = wholemodule;
				VALIDATE_PRODUCT = YES;
			};
			name = Release;
		};
		1FDA1A122F45DE2C009A14AD /* Debug */ = {
			isa = XCBuildConfiguration;
			buildSettings = {
				ASSETCATALOG_COMPILER_APPICON_NAME = AppIcon;
				ASSETCATALOG_COMPILER_GLOBAL_ACCENT_COLOR_NAME = AccentColor;
				CODE_SIGN_STYLE = Automatic;
				CURRENT_PROJECT_VERSION = 1;
				DEVELOPMENT_TEAM = 53VMLBC822;
				ENABLE_PREVIEWS = YES;
				GENERATE_INFOPLIST_FILE = YES;
				INFOPLIST_KEY_NSCameraUsageDescription = "Need camera access to scan text";
				INFOPLIST_KEY_UIApplicationSceneManifest_Generation = YES;
				INFOPLIST_KEY_UIApplicationSupportsIndirectInputEvents = YES;
				INFOPLIST_KEY_UILaunchScreen_Generation = YES;
				INFOPLIST_KEY_UISupportedInterfaceOrientations_iPad = "UIInterfaceOrientationPortrait UIInterfaceOrientationPortraitUpsideDown UIInterfaceOrientationLandscapeLeft UIInterfaceOrientationLandscapeRight";
				INFOPLIST_KEY_UISupportedInterfaceOrientations_iPhone = "UIInterfaceOrientationPortrait UIInterfaceOrientationLandscapeLeft UIInterfaceOrientationLandscapeRight";
				LD_RUNPATH_SEARCH_PATHS = (
					"$(inherited)",
					"@executable_path/Frameworks",
				);
				MARKETING_VERSION = 1.0;
				PRODUCT_BUNDLE_IDENTIFIER = ifaisal572.SerVision;
				PRODUCT_NAME = "$(TARGET_NAME)";
				SWIFT_EMIT_LOC_STRINGS = YES;
				SWIFT_VERSION = 5.0;
				TARGETED_DEVICE_FAMILY = "1,2";
			};
			name = Debug;
		};
		1FDA1A132F45DE2C009A14AD /* Release */ = {
			isa = XCBuildConfiguration;
			buildSettings = {
				ASSETCATALOG_COMPILER_APPICON_NAME = AppIcon;
				ASSETCATALOG_COMPILER_GLOBAL_ACCENT_COLOR_NAME = AccentColor;
				CODE_SIGN_STYLE = Automatic;
				CURRENT_PROJECT_VERSION = 1;
				DEVELOPMENT_TEAM = 53VMLBC822;
				ENABLE_PREVIEWS = YES;
				GENERATE_INFOPLIST_FILE = YES;
				INFOPLIST_KEY_NSCameraUsageDescription = "Need camera access to scan text";
				INFOPLIST_KEY_UIApplicationSceneManifest_Generation = YES;
				INFOPLIST_KEY_UIApplicationSupportsIndirectInputEvents = YES;
				INFOPLIST_KEY_UILaunchScreen_Generation = YES;
				INFOPLIST_KEY_UISupportedInterfaceOrientations_iPad = "UIInterfaceOrientationPortrait UIInterfaceOrientationPortraitUpsideDown UIInterfaceOrientationLandscapeLeft UIInterfaceOrientationLandscapeRight";
				INFOPLIST_KEY_UISupportedInterfaceOrientations_iPhone = "UIInterfaceOrientationPortrait UIInterfaceOrientationLandscapeLeft UIInterfaceOrientationLandscapeRight";
				LD_RUNPATH_SEARCH_PATHS = (
					"$(inherited)",
					"@executable_path/Frameworks",
				);
				MARKETING_VERSION = 1.0;
				PRODUCT_BUNDLE_IDENTIFIER = ifaisal572.SerVision;
				PRODUCT_NAME = "$(TARGET_NAME)";
				SWIFT_EMIT_LOC_STRINGS = YES;
				SWIFT_VERSION = 5.0;
				TARGETED_DEVICE_FAMILY = "1,2";
			};
			name = Release;
		};
		1FDA1A152F45DE2C009A14AD /* Debug */ = {
			isa = XCBuildConfiguration;
			buildSettings = {
				BUNDLE_LOADER = "$(TEST_HOST)";
				CODE_SIGN_STYLE = Automatic;
				CURRENT_PROJECT_VERSION = 1;
				GENERATE_INFOPLIST_FILE = YES;
				IPHONEOS_DEPLOYMENT_TARGET = 18.5;
				MARKETING_VERSION = 1.0;
				PRODUCT_BUNDLE_IDENTIFIER = ifaisal572.SerVisionTests;
				PRODUCT_NAME = "$(TARGET_NAME)";
				SWIFT_EMIT_LOC_STRINGS = NO;
				SWIFT_VERSION = 5.0;
				TARGETED_DEVICE_FAMILY = "1,2";
				TEST_HOST = "$(BUILT_PRODUCTS_DIR)/SerVision.app/$(BUNDLE_EXECUTABLE_FOLDER_PATH)/SerVision";
			};
			name = Debug;
		};
		1FDA1A162F45DE2C009A14AD /* Release */ = {
			isa = XCBuildConfiguration;
			buildSettings = {
				BUNDLE_LOADER = "$(TEST_HOST)";
				CODE_SIGN_STYLE = Automatic;
				CURRENT_PROJECT_VERSION = 1;
				GENERATE_INFOPLIST_FILE = YES;
				IPHONEOS_DEPLOYMENT_TARGET = 18.5;
				MARKETING_VERSION = 1.0;
				PRODUCT_BUNDLE_IDENTIFIER = ifaisal572.SerVisionTests;
				PRODUCT_NAME = "$(TARGET_NAME)";
				SWIFT_EMIT_LOC_STRINGS = NO;
				SWIFT_VERSION = 5.0;
				TARGETED_DEVICE_FAMILY = "1,2";
				TEST_HOST = "$(BUILT_PRODUCTS_DIR)/SerVision.app/$(BUNDLE_EXECUTABLE_FOLDER_PATH)/SerVision";
			};
			name = Release;
		};
		1FDA1A182F45DE2C009A14AD /* Debug */ = {
			isa = XCBuildConfiguration;
			buildSettings = {
				CODE_SIGN_STYLE = Automatic;
				CURRENT_PROJECT_VERSION = 1;
				GENERATE_INFOPLIST_FILE = YES;
				MARKETING_VERSION = 1.0;
				PRODUCT_BUNDLE_IDENTIFIER = ifaisal572.SerVisionUITests;
				PRODUCT_NAME = "$(TARGET_NAME)";
				SWIFT_EMIT_LOC_STRINGS = NO;
				SWIFT_VERSION = 5.0;
				TARGETED_DEVICE_FAMILY = "1,2";
				TEST_TARGET_NAME = SerVision;
			};
			name = Debug;
		};
		1FDA1A192F45DE2C009A14AD /* Release */ = {
			isa = XCBuildConfiguration;
			buildSettings = {
				CODE_SIGN_STYLE = Automatic;
				CURRENT_PROJECT_VERSION = 1;
				GENERATE_INFOPLIST_FILE = YES;
				MARKETING_VERSION = 1.0;
				PRODUCT_BUNDLE_IDENTIFIER = ifaisal572.SerVisionUITests;
				PRODUCT_NAME = "$(TARGET_NAME)";
				SWIFT_EMIT_LOC_STRINGS = NO;
				SWIFT_VERSION = 5.0;
				TARGETED_DEVICE_FAMILY = "1,2";
				TEST_TARGET_NAME = SerVision;
			};
			name = Release;
		};
/* End XCBuildConfiguration section */

/* Begin XCConfigurationList section */
		1FDA19EB2F45DE2A009A14AD /* Build configuration list for PBXProject "SerVision" */ = {
			isa = XCConfigurationList;
			buildConfigurations = (
				1FDA1A0F2F45DE2C009A14AD /* Debug */,
				1FDA1A102F45DE2C009A14AD /* Release */,
			);
			defaultConfigurationIsVisible = 0;
			defaultConfigurationName = Release;
		};
		1FDA1A112F45DE2C009A14AD /* Build configuration list for PBXNativeTarget "SerVision" */ = {
			isa = XCConfigurationList;
			buildConfigurations = (
				1FDA1A122F45DE2C009A14AD /* Debug */,
				1FDA1A132F45DE2C009A14AD /* Release */,
			);
			defaultConfigurationIsVisible = 0;
			defaultConfigurationName = Release;
		};
		1FDA1A142F45DE2C009A14AD /* Build configuration list for PBXNativeTarget "SerVisionTests" */ = {
			isa = XCConfigurationList;
			buildConfigurations = (
				1FDA1A152F45DE2C009A14AD /* Debug */,
				1FDA1A162F45DE2C009A14AD /* Release */,
			);
			defaultConfigurationIsVisible = 0;
			defaultConfigurationName = Release;
		};
		1FDA1A172F45DE2C009A14AD /* Build configuration list for PBXNativeTarget "SerVisionUITests" */ = {
			isa = XCConfigurationList;
			buildConfigurations = (
				1FDA1A182F45DE2C009A14AD /* Debug */,
				1FDA1A192F45DE2C009A14AD /* Release */,
			);
			defaultConfigurationIsVisible = 0;
			defaultConfigurationName = Release;
		};
/* End XCConfigurationList section */
	};
	rootObject = 1FDA19E82F45DE2A009A14AD /* Project object */;
}
